<?xml version="1.0" encoding="UTF-8" standalone="yes" ?>
<CodeBlocks_project_file>
	<FileVersion major="1" minor="6" />
	<Project>
		<Option title="test/logging" />
		<Option pch_mode="2" />
		<Option compiler="gcc" />
		<Build>
			<Target title="debug_linux32_x86_gcc">
				<Option output="../../../bin/test_logging_linux32_x86_debug" prefix_auto="1" extension_auto="1" />
				<Option working_dir="../../../bin" />
				<Option object_output="../../../tmp/bin/test/logging/debug/linux32/x86/" />
				<Option type="1" />
				<Option compiler="gcc" />
				<Compiler>
					<Add option="-g" />
					<Add option="-DDEBUG" />
				</Compiler>
			</Target>
			<Target title="release_linux32_x86_gcc">
				<Option output="../../../bin/test_logging_linux32_x86_release" prefix_auto="1" extension_auto="1" />
				<Option working_dir="../../../bin" />
				<Option object_output="../../../tmp/bin/test/logging/release/linux32/x86/" />
				<Option type="1" />
				<Option compiler="gcc" />
				<Compiler>
					<Add option="-O2" />
					<Add directory="/opt/local/include" />
				</Compiler>
				<Linker>
					<Add option="-s" />
				</Linker>
			</Target>
			<Target title="release_linux32_arm_gcc">
				<Option output="../../../bin/test_logging_linux32_arm_release" prefix_auto="1" extension_auto="1" />
				<Option working_dir="../../../bin" />
				<Option object_output="../../../tmp/bin/test/logging/debug/linux32/arm/" />
				<Option type="1" />
				<Option compiler="armunknownlinuxgnueabigcc" />
				<Compiler>
					<Add option="-O2" />
					<Add option="-g" />
					<Add option="-D_STDC_PREDEF_H" />
				</Compiler>
				<Linker>
					<Add option="-s" />
				</Linker>
			</Target>
		</Build>
		<Compiler>
			<Add option="-Wall" />
			<Add option="-fexceptions" />
			<Add directory=".." />
			<Add directory="." />
			<Add directory="../../../src/linux/Logging" />
		</Compiler>
		<Linker>
			<Add library="boost_iostreams" />
			<Add library="boost_unit_test_framework" />
			<Add library="boost_filesystem" />
			<Add library="boost_system" />
			<Add library="boost_thread" />
			<Add library="pthread" />
			<Add library="rt" />
		</Linker>
		<Unit filename="../../../src/linux/Logging/Logging.cpp" />
		<Unit filename="../../../src/linux/Logging/Logging.h" />
		<Unit filename="../../../src/linux/Millis/millis.cpp" />
		<Unit filename="../../../src/linux/Millis/millis.h" />
		<Unit filename="boost_test_main.cpp" />
		<Unit filename="logging_tests.cpp" />
		<Unit filename="logging_thread_tests.cpp" />
		<Unit filename="logging_thread_tests2.cpp" />
		<Extensions>
			<code_completion />
			<debugger />
			<envvars />
		</Extensions>
	</Project>
</CodeBlocks_project_file>
