<?xml version="1.0" encoding="UTF-8" standalone="yes" ?>
<CodeBlocks_project_file>
	<FileVersion major="1" minor="6" />
	<Project>
		<Option title="app/tri-o-sim" />
		<Option pch_mode="2" />
		<Option compiler="gcc" />
		<Build>
			<Target title="debug_linux32_x86_gcc">
				<Option platforms="Unix;" />
				<Option output="../../bin/tri-o-sim_linux32_x86_debug" prefix_auto="1" extension_auto="1" />
				<Option working_dir="../../bin" />
				<Option object_output="../../tmp/bin/tri-o-sim/debug/linux32/x86/" />
				<Option type="1" />
				<Option compiler="gcc" />
				<Compiler>
					<Add option="-g" />
					<Add option="-DDEBUG" />
					<Add option="-DGPS_DEBUGGING" />
					<Add option="-DWITH_STDIO" />
					<Add directory="src/linux/sdl_joystick" />
				</Compiler>
				<Linker>
					<Add library="boost_system" />
					<Add library="boost_filesystem" />
					<Add library="boost_signals" />
					<Add library="boost_program_options" />
					<Add library="boost_chrono" />
					<Add library="boost_timer" />
					<Add library="boost_thread" />
				</Linker>
			</Target>
			<Target title="release_linux32_x86_gcc">
				<Option platforms="Unix;" />
				<Option output="../../bin/tri-o-sim_linux32_x86_release" prefix_auto="1" extension_auto="1" />
				<Option working_dir="../../bin" />
				<Option object_output="../../tmp/bin/tri-o-sim/release/linux32/x86/" />
				<Option type="1" />
				<Option compiler="gcc" />
				<Compiler>
					<Add option="-O2" />
					<Add directory="src/linux/sdl_joystick" />
				</Compiler>
				<Linker>
					<Add option="-s" />
					<Add library="boost_system" />
					<Add library="boost_filesystem" />
					<Add library="boost_signals" />
					<Add library="boost_program_options" />
					<Add library="boost_chrono" />
					<Add library="boost_timer" />
					<Add library="boost_thread" />
				</Linker>
			</Target>
			<Target title="release_mac64_x86_gcc">
				<Option platforms="Mac;" />
				<Option output="../../bin/tri-o-sim_mac64_x86_release" prefix_auto="1" extension_auto="1" />
				<Option working_dir="../../bin" />
				<Option object_output="../../tmp/bin/tri-o-sim/release/mac64/x86/" />
				<Option type="1" />
				<Option compiler="gcc" />
				<Compiler>
					<Add option="-O2" />
					<Add directory="src/linux/sdl_joystick" />
					<Add directory="/opt/local/include" />
				</Compiler>
				<Linker>
					<Add option="-L/opt/local/lib" />
					<Add option="-lSDLmain" />
					<Add option="-Wl,-framework,AppKit" />
					<Add option="-lSDL" />
					<Add option="-Wl,-framework,Cocoa" />
					<Add library="boost_system-mt" />
					<Add library="boost_filesystem-mt" />
					<Add library="boost_signals-mt" />
					<Add library="boost_program_options-mt" />
					<Add library="boost_chrono-mt" />
					<Add library="boost_timer-mt" />
					<Add library="boost_thread-mt" />
					<Add directory="/opt/local/lib" />
				</Linker>
			</Target>
		</Build>
		<VirtualTargets>
			<Add alias="all" targets="debug_linux32_x86_gcc;release_linux32_x86_gcc;release_mac64_x86_gcc;" />
		</VirtualTargets>
		<Compiler>
			<Add option="-Wall" />
			<Add option="-fexceptions" />
			<Add directory="../../src/ARDUINO" />
			<Add directory="../../src/AP_GPS" />
			<Add directory="../../src/i2cdevlib" />
			<Add directory="../../src/linux/I2Cdev" />
			<Add directory="../../src/linux/Logging" />
			<Add directory="../../src/linux/Delay" />
			<Add directory="../../src/linux/Millis" />
			<Add directory="../../src/linux/HardwareSerial" />
			<Add directory="../../src/linux/Drotek10dof" />
			<Add directory="../../src/cECF" />
			<Add directory="../../src/mavlink/include/common" />
			<Add directory="../../src/linux/DataLink" />
			<Add directory="../../src/linux/SensorFusion" />
			<Add directory="../../src/linux/BackgroundAction" />
			<Add directory="../../src/linux/Wiring" />
			<Add directory="../../src/linux/sdl_joystick" />
		</Compiler>
		<Linker>
			<Add library="SDL" />
		</Linker>
		<Unit filename="../../src/linux/sdl_joystick/c_joystick.cpp" />
		<Unit filename="../../src/linux/sdl_joystick/c_joystick.hpp" />
		<Unit filename="../../src/linux/sdl_joystick/c_joystick_manager.cpp" />
		<Unit filename="../../src/linux/sdl_joystick/c_joystick_manager.hpp" />
		<Unit filename="main.cpp" />
		<Extensions>
			<code_completion />
			<envvars />
			<debugger />
			<lib_finder disable_auto="1" />
			<DoxyBlocks>
				<comment_style block="0" line="0" />
				<doxyfile_project />
				<doxyfile_build />
				<doxyfile_warnings />
				<doxyfile_output />
				<doxyfile_dot />
				<general />
			</DoxyBlocks>
		</Extensions>
	</Project>
</CodeBlocks_project_file>
